
Microsoft Visual Studio Solution File, Format Version 12.00
# Visual Studio Version 17
VisualStudioVersion = 17.14.36401.2
MinimumVisualStudioVersion = 10.0.40219.1
Project("{FAE04EC0-301F-11D3-BF4B-00C04F79EFBC}") = "1 - Calculator", "1 - Calculator\1 - Calculator.csproj", "{25E4D24F-4F27-44AC-BDE2-9E10F204384F}"
EndProject
Project("{FAE04EC0-301F-11D3-BF4B-00C04F79EFBC}") = "2 - AsyncWorkDemonstration", "2 - AsyncWorkDemonstration\2 - AsyncWorkDemonstration.csproj", "{7F9F47F5-4E3F-4ABE-9F5F-05E8E974A665}"
EndProject
Project("{FAE04EC0-301F-11D3-BF4B-00C04F79EFBC}") = "3 - TaskManagement", "3 - TaskManagement\3 - TaskManagement.csproj", "{3F721D54-0218-42DD-9495-94859A8282B8}"
EndProject
Project("{2150E333-8FDC-42A3-9474-1A3956D46DE8}") = "4 - LibraryManagement", "4 - LibraryManagement", "{36D591C7-65C7-A0D1-1CBC-10CDE441BDC8}"
EndProject
Project("{FAE04EC0-301F-11D3-BF4B-00C04F79EFBC}") = "Library.API", "Library.API\Library.API.csproj", "{8A94533E-D65B-4F80-9741-24CA8AC9E20C}"
EndProject
Project("{FAE04EC0-301F-11D3-BF4B-00C04F79EFBC}") = "Library.BusinessLogic", "Library.BusinessLogic\Library.BusinessLogic.csproj", "{1199407D-0A63-B30B-170E-E27F6371E5F7}"
EndProject
Project("{FAE04EC0-301F-11D3-BF4B-00C04F79EFBC}") = "Library.DataAccess", "Library.DataAccess\Library.DataAccess.csproj", "{0CF8C681-F0E2-02FC-8507-FA10863F0F84}"
EndProject
Global
	GlobalSection(SolutionConfigurationPlatforms) = preSolution
		Debug|Any CPU = Debug|Any CPU
		Release|Any CPU = Release|Any CPU
	EndGlobalSection
	GlobalSection(ProjectConfigurationPlatforms) = postSolution
		{25E4D24F-4F27-44AC-BDE2-9E10F204384F}.Debug|Any CPU.ActiveCfg = Debug|Any CPU
		{25E4D24F-4F27-44AC-BDE2-9E10F204384F}.Debug|Any CPU.Build.0 = Debug|Any CPU
		{25E4D24F-4F27-44AC-BDE2-9E10F204384F}.Release|Any CPU.ActiveCfg = Release|Any CPU
		{25E4D24F-4F27-44AC-BDE2-9E10F204384F}.Release|Any CPU.Build.0 = Release|Any CPU
		{7F9F47F5-4E3F-4ABE-9F5F-05E8E974A665}.Debug|Any CPU.ActiveCfg = Debug|Any CPU
		{7F9F47F5-4E3F-4ABE-9F5F-05E8E974A665}.Debug|Any CPU.Build.0 = Debug|Any CPU
		{7F9F47F5-4E3F-4ABE-9F5F-05E8E974A665}.Release|Any CPU.ActiveCfg = Release|Any CPU
		{7F9F47F5-4E3F-4ABE-9F5F-05E8E974A665}.Release|Any CPU.Build.0 = Release|Any CPU
		{3F721D54-0218-42DD-9495-94859A8282B8}.Debug|Any CPU.ActiveCfg = Debug|Any CPU
		{3F721D54-0218-42DD-9495-94859A8282B8}.Debug|Any CPU.Build.0 = Debug|Any CPU
		{3F721D54-0218-42DD-9495-94859A8282B8}.Release|Any CPU.ActiveCfg = Release|Any CPU
		{3F721D54-0218-42DD-9495-94859A8282B8}.Release|Any CPU.Build.0 = Release|Any CPU
		{8A94533E-D65B-4F80-9741-24CA8AC9E20C}.Debug|Any CPU.ActiveCfg = Debug|Any CPU
		{8A94533E-D65B-4F80-9741-24CA8AC9E20C}.Debug|Any CPU.Build.0 = Debug|Any CPU
		{8A94533E-D65B-4F80-9741-24CA8AC9E20C}.Release|Any CPU.ActiveCfg = Release|Any CPU
		{8A94533E-D65B-4F80-9741-24CA8AC9E20C}.Release|Any CPU.Build.0 = Release|Any CPU
		{1199407D-0A63-B30B-170E-E27F6371E5F7}.Debug|Any CPU.ActiveCfg = Debug|Any CPU
		{1199407D-0A63-B30B-170E-E27F6371E5F7}.Debug|Any CPU.Build.0 = Debug|Any CPU
		{1199407D-0A63-B30B-170E-E27F6371E5F7}.Release|Any CPU.ActiveCfg = Release|Any CPU
		{1199407D-0A63-B30B-170E-E27F6371E5F7}.Release|Any CPU.Build.0 = Release|Any CPU
		{0CF8C681-F0E2-02FC-8507-FA10863F0F84}.Debug|Any CPU.ActiveCfg = Debug|Any CPU
		{0CF8C681-F0E2-02FC-8507-FA10863F0F84}.Debug|Any CPU.Build.0 = Debug|Any CPU
		{0CF8C681-F0E2-02FC-8507-FA10863F0F84}.Release|Any CPU.ActiveCfg = Release|Any CPU
		{0CF8C681-F0E2-02FC-8507-FA10863F0F84}.Release|Any CPU.Build.0 = Release|Any CPU
	EndGlobalSection
	GlobalSection(SolutionProperties) = preSolution
		HideSolutionNode = FALSE
	EndGlobalSection
	GlobalSection(NestedProjects) = preSolution
		{8A94533E-D65B-4F80-9741-24CA8AC9E20C} = {36D591C7-65C7-A0D1-1CBC-10CDE441BDC8}
		{1199407D-0A63-B30B-170E-E27F6371E5F7} = {36D591C7-65C7-A0D1-1CBC-10CDE441BDC8}
		{0CF8C681-F0E2-02FC-8507-FA10863F0F84} = {36D591C7-65C7-A0D1-1CBC-10CDE441BDC8}
	EndGlobalSection
	GlobalSection(ExtensibilityGlobals) = postSolution
		SolutionGuid = {F88FB512-002B-4E2E-B80F-43F1A9E356DA}
	EndGlobalSection
EndGlobal
