
Microsoft Visual Studio Solution File, Format Version 12.00
# Visual Studio Version 17
VisualStudioVersion = 17.14.36518.9 d17.14
MinimumVisualStudioVersion = 10.0.40219.1
Project("{FAE04EC0-301F-11D3-BF4B-00C04F79EFBC}") = "Library.BusinessLogic", "Library.BusinessLogic.csproj", "{2BFA21F6-6D42-2BDD-A435-21D0B29730C2}"
EndProject
Global
	GlobalSection(SolutionConfigurationPlatforms) = preSolution
		Debug|Any CPU = Debug|Any CPU
		Release|Any CPU = Release|Any CPU
	EndGlobalSection
	GlobalSection(ProjectConfigurationPlatforms) = postSolution
		{2BFA21F6-6D42-2BDD-A435-21D0B29730C2}.Debug|Any CPU.ActiveCfg = Debug|Any CPU
		{2BFA21F6-6D42-2BDD-A435-21D0B29730C2}.Debug|Any CPU.Build.0 = Debug|Any CPU
		{2BFA21F6-6D42-2BDD-A435-21D0B29730C2}.Release|Any CPU.ActiveCfg = Release|Any CPU
		{2BFA21F6-6D42-2BDD-A435-21D0B29730C2}.Release|Any CPU.Build.0 = Release|Any CPU
	EndGlobalSection
	GlobalSection(SolutionProperties) = preSolution
		HideSolutionNode = FALSE
	EndGlobalSection
	GlobalSection(ExtensibilityGlobals) = postSolution
		SolutionGuid = {0741D0A2-AD37-4A6A-817C-6CC1F9F55F3D}
	EndGlobalSection
EndGlobal
